// !$*UTF8*$!
{
	archiveVersion = 1;
	classes = {
	};
	objectVersion = 46;
	objects = {

/* Begin PBXBuildFile section */
		82BA016E547F0F4FC2DEE610 /* Pods_MultiFiles.framework in Frameworks */ = {isa = PBXBuildFile; fileRef = 264F4E97C2853979E293DE78 /* Pods_MultiFiles.framework */; };
		930161631B1F0492006BC91D /* bg.jpg in Resources */ = {isa = PBXBuildFile; fileRef = 930161611B1F0492006BC91D /* bg.jpg */; };
		930161641B1F0492006BC91D /* cloud.png in Resources */ = {isa = PBXBuildFile; fileRef = 930161621B1F0492006BC91D /* cloud.png */; };
		930161691B1F04D1006BC91D /* MainiPad.storyboard in Resources */ = {isa = PBXBuildFile; fileRef = 930161671B1F04D1006BC91D /* MainiPad.storyboard */; };
		933E7D841B1CA2B100BBF225 /* ShareViewController.m in Sources */ = {isa = PBXBuildFile; fileRef = 933E7D831B1CA2B100BBF225 /* ShareViewController.m */; };
		933E7D861B1CA2B100BBF225 /* MainInterface.storyboard in Resources */ = {isa = PBXBuildFile; fileRef = 933E7D851B1CA2B100BBF225 /* MainInterface.storyboard */; };
		933E7D891B1CA2B100BBF225 /* MultiFilesExtension.appex in Embed App Extensions */ = {isa = PBXBuildFile; fileRef = 933E7D7E1B1CA2B100BBF225 /* MultiFilesExtension.appex */; settings = {ATTRIBUTES = (RemoveHeadersOnCopy, ); }; };
		9370E5881B1F0B330097D1D6 /* files.png in Resources */ = {isa = PBXBuildFile; fileRef = 9370E5861B1F0B330097D1D6 /* files.png */; };
		9370E5891B1F0B330097D1D6 /* images.png in Resources */ = {isa = PBXBuildFile; fileRef = 9370E5871B1F0B330097D1D6 /* images.png */; };
		937292431CF984C100FCBCD5 /* Multifiles.swift in Sources */ = {isa = PBXBuildFile; fileRef = 937292421CF984C100FCBCD5 /* Multifiles.swift */; };
		937C192B1D01AF43004AB4C5 /* CloudFile.m in Sources */ = {isa = PBXBuildFile; fileRef = 937C192A1D01AF43004AB4C5 /* CloudFile.m */; };
		93AA7A941CF998D40017BDB4 /* Multifiles.swift in Sources */ = {isa = PBXBuildFile; fileRef = 93AA7A931CF998D40017BDB4 /* Multifiles.swift */; };
		93B242F81B30669300067D2E /* StarRatingView.m in Sources */ = {isa = PBXBuildFile; fileRef = 93B242F71B30669300067D2E /* StarRatingView.m */; };
		93C118C01B2B1B9C007D6755 /* half_selected_star.png in Resources */ = {isa = PBXBuildFile; fileRef = 93C118BD1B2B1B9C007D6755 /* half_selected_star.png */; };
		93C118C11B2B1B9C007D6755 /* not_selected_star.png in Resources */ = {isa = PBXBuildFile; fileRef = 93C118BE1B2B1B9C007D6755 /* not_selected_star.png */; };
		93C118C21B2B1B9C007D6755 /* selected_star.png in Resources */ = {isa = PBXBuildFile; fileRef = 93C118BF1B2B1B9C007D6755 /* selected_star.png */; };
		93C934D61B01F99B00E0C896 /* main.m in Sources */ = {isa = PBXBuildFile; fileRef = 93C934D51B01F99B00E0C896 /* main.m */; };
		93C934D91B01F99B00E0C896 /* AppDelegate.m in Sources */ = {isa = PBXBuildFile; fileRef = 93C934D81B01F99B00E0C896 /* AppDelegate.m */; };
		93C934DC1B01F99B00E0C896 /* ViewController.m in Sources */ = {isa = PBXBuildFile; fileRef = 93C934DB1B01F99B00E0C896 /* ViewController.m */; };
		93C934DF1B01F99B00E0C896 /* Main.storyboard in Resources */ = {isa = PBXBuildFile; fileRef = 93C934DD1B01F99B00E0C896 /* Main.storyboard */; };
		93C934E11B01F99B00E0C896 /* Images.xcassets in Resources */ = {isa = PBXBuildFile; fileRef = 93C934E01B01F99B00E0C896 /* Images.xcassets */; };
		93C934E41B01F99B00E0C896 /* LaunchScreen.xib in Resources */ = {isa = PBXBuildFile; fileRef = 93C934E21B01F99B00E0C896 /* LaunchScreen.xib */; };
		93CD89101B09D9AC00E5B085 /* FBSDKCoreKit.framework in Frameworks */ = {isa = PBXBuildFile; fileRef = 93CD890D1B09D9AC00E5B085 /* FBSDKCoreKit.framework */; };
		93CD89111B09D9AC00E5B085 /* FBSDKLoginKit.framework in Frameworks */ = {isa = PBXBuildFile; fileRef = 93CD890E1B09D9AC00E5B085 /* FBSDKLoginKit.framework */; };
		93CD89121B09D9AC00E5B085 /* FBSDKShareKit.framework in Frameworks */ = {isa = PBXBuildFile; fileRef = 93CD890F1B09D9AC00E5B085 /* FBSDKShareKit.framework */; };
		93D9ECDA1B06001500E6F5B3 /* QuartzCore.framework in Frameworks */ = {isa = PBXBuildFile; fileRef = 93D9ECD91B06001500E6F5B3 /* QuartzCore.framework */; };
		F48A2C0B1B4260C44BA1D183 /* Pods_MultiFilesExtension.framework in Frameworks */ = {isa = PBXBuildFile; fileRef = D6E4BF28A02A6801BE1E11AF /* Pods_MultiFilesExtension.framework */; };
/* End PBXBuildFile section */

/* Begin PBXContainerItemProxy section */
		933E7D871B1CA2B100BBF225 /* PBXContainerItemProxy */ = {
			isa = PBXContainerItemProxy;
			containerPortal = 93C934C81B01F99B00E0C896 /* Project object */;
			proxyType = 1;
			remoteGlobalIDString = 933E7D7D1B1CA2B100BBF225;
			remoteInfo = MultiFilesExtension;
		};
/* End PBXContainerItemProxy section */

/* Begin PBXCopyFilesBuildPhase section */
		933E7D8D1B1CA2B100BBF225 /* Embed App Extensions */ = {
			isa = PBXCopyFilesBuildPhase;
			buildActionMask = 2147483647;
			dstPath = "";
			dstSubfolderSpec = 13;
			files = (
				933E7D891B1CA2B100BBF225 /* MultiFilesExtension.appex in Embed App Extensions */,
			);
			name = "Embed App Extensions";
			runOnlyForDeploymentPostprocessing = 0;
		};
/* End PBXCopyFilesBuildPhase section */

/* Begin PBXFileReference section */
		1562F1E9A2CA2DD249748125 /* Pods-MultiFiles.debug.xcconfig */ = {isa = PBXFileReference; includeInIndex = 1; lastKnownFileType = text.xcconfig; name = "Pods-MultiFiles.debug.xcconfig"; path = "Pods/Target Support Files/Pods-MultiFiles/Pods-MultiFiles.debug.xcconfig"; sourceTree = "<group>"; };
		264F4E97C2853979E293DE78 /* Pods_MultiFiles.framework */ = {isa = PBXFileReference; explicitFileType = wrapper.framework; includeInIndex = 0; path = Pods_MultiFiles.framework; sourceTree = BUILT_PRODUCTS_DIR; };
		55569E7999FF198E05607BBA /* Pods-MultiFilesExtension.debug.xcconfig */ = {isa = PBXFileReference; includeInIndex = 1; lastKnownFileType = text.xcconfig; name = "Pods-MultiFilesExtension.debug.xcconfig"; path = "Pods/Target Support Files/Pods-MultiFilesExtension/Pods-MultiFilesExtension.debug.xcconfig"; sourceTree = "<group>"; };
		8FBB2BFBEF49E3C28A7B4E48 /* Pods-MultiFilesExtension.release.xcconfig */ = {isa = PBXFileReference; includeInIndex = 1; lastKnownFileType = text.xcconfig; name = "Pods-MultiFilesExtension.release.xcconfig"; path = "Pods/Target Support Files/Pods-MultiFilesExtension/Pods-MultiFilesExtension.release.xcconfig"; sourceTree = "<group>"; };
		930161611B1F0492006BC91D /* bg.jpg */ = {isa = PBXFileReference; lastKnownFileType = image.jpeg; name = bg.jpg; path = Img/bg.jpg; sourceTree = "<group>"; };
		930161621B1F0492006BC91D /* cloud.png */ = {isa = PBXFileReference; lastKnownFileType = image.png; name = cloud.png; path = Img/cloud.png; sourceTree = "<group>"; };
		930161681B1F04D1006BC91D /* Base */ = {isa = PBXFileReference; lastKnownFileType = file.storyboard; name = Base; path = Base.lproj/MainiPad.storyboard; sourceTree = "<group>"; };
		933E7D7E1B1CA2B100BBF225 /* MultiFilesExtension.appex */ = {isa = PBXFileReference; explicitFileType = "wrapper.app-extension"; includeInIndex = 0; path = MultiFilesExtension.appex; sourceTree = BUILT_PRODUCTS_DIR; };
		933E7D811B1CA2B100BBF225 /* Info.plist */ = {isa = PBXFileReference; lastKnownFileType = text.plist.xml; path = Info.plist; sourceTree = "<group>"; };
		933E7D821B1CA2B100BBF225 /* ShareViewController.h */ = {isa = PBXFileReference; lastKnownFileType = sourcecode.c.h; path = ShareViewController.h; sourceTree = "<group>"; };
		933E7D831B1CA2B100BBF225 /* ShareViewController.m */ = {isa = PBXFileReference; lastKnownFileType = sourcecode.c.objc; path = ShareViewController.m; sourceTree = "<group>"; };
		933E7D851B1CA2B100BBF225 /* MainInterface.storyboard */ = {isa = PBXFileReference; lastKnownFileType = file.storyboard; path = MainInterface.storyboard; sourceTree = "<group>"; };
		933E7D8E1B1CA89600BBF225 /* MultiFiles.entitlements */ = {isa = PBXFileReference; lastKnownFileType = text.xml; path = MultiFiles.entitlements; sourceTree = "<group>"; };
		933E7D8F1B1CAB7100BBF225 /* MultiFilesExtension.entitlements */ = {isa = PBXFileReference; lastKnownFileType = text.xml; path = MultiFilesExtension.entitlements; sourceTree = "<group>"; };
		9370E5861B1F0B330097D1D6 /* files.png */ = {isa = PBXFileReference; lastKnownFileType = image.png; name = files.png; path = Img/files.png; sourceTree = "<group>"; };
		9370E5871B1F0B330097D1D6 /* images.png */ = {isa = PBXFileReference; lastKnownFileType = image.png; name = images.png; path = Img/images.png; sourceTree = "<group>"; };
		937292411CF984C000FCBCD5 /* MultiFiles-Bridging-Header.h */ = {isa = PBXFileReference; lastKnownFileType = sourcecode.c.h; path = "MultiFiles-Bridging-Header.h"; sourceTree = "<group>"; };
		937292421CF984C100FCBCD5 /* Multifiles.swift */ = {isa = PBXFileReference; fileEncoding = 4; lastKnownFileType = sourcecode.swift; name = Multifiles.swift; path = Class/Multifiles.swift; sourceTree = "<group>"; };
		937C19291D01AF43004AB4C5 /* CloudFile.h */ = {isa = PBXFileReference; fileEncoding = 4; lastKnownFileType = sourcecode.c.h; path = CloudFile.h; sourceTree = "<group>"; };
		937C192A1D01AF43004AB4C5 /* CloudFile.m */ = {isa = PBXFileReference; fileEncoding = 4; lastKnownFileType = sourcecode.c.objc; path = CloudFile.m; sourceTree = "<group>"; };
		93AA7A921CF998D40017BDB4 /* MultiFilesExtension-Bridging-Header.h */ = {isa = PBXFileReference; lastKnownFileType = sourcecode.c.h; path = "MultiFilesExtension-Bridging-Header.h"; sourceTree = "<group>"; };
		93AA7A931CF998D40017BDB4 /* Multifiles.swift */ = {isa = PBXFileReference; fileEncoding = 4; lastKnownFileType = sourcecode.swift; name = Multifiles.swift; path = Class/Multifiles.swift; sourceTree = "<group>"; };
		93B242F61B30669300067D2E /* StarRatingView.h */ = {isa = PBXFileReference; fileEncoding = 4; lastKnownFileType = sourcecode.c.h; path = StarRatingView.h; sourceTree = "<group>"; };
		93B242F71B30669300067D2E /* StarRatingView.m */ = {isa = PBXFileReference; fileEncoding = 4; lastKnownFileType = sourcecode.c.objc; path = StarRatingView.m; sourceTree = "<group>"; };
		93C118BD1B2B1B9C007D6755 /* half_selected_star.png */ = {isa = PBXFileReference; lastKnownFileType = image.png; name = half_selected_star.png; path = Img/half_selected_star.png; sourceTree = "<group>"; };
		93C118BE1B2B1B9C007D6755 /* not_selected_star.png */ = {isa = PBXFileReference; lastKnownFileType = image.png; name = not_selected_star.png; path = Img/not_selected_star.png; sourceTree = "<group>"; };
		93C118BF1B2B1B9C007D6755 /* selected_star.png */ = {isa = PBXFileReference; lastKnownFileType = image.png; name = selected_star.png; path = Img/selected_star.png; sourceTree = "<group>"; };
		93C934D01B01F99B00E0C896 /* MultiFiles.app */ = {isa = PBXFileReference; explicitFileType = wrapper.application; includeInIndex = 0; path = MultiFiles.app; sourceTree = BUILT_PRODUCTS_DIR; };
		93C934D41B01F99B00E0C896 /* Info.plist */ = {isa = PBXFileReference; lastKnownFileType = text.plist.xml; path = Info.plist; sourceTree = "<group>"; };
		93C934D51B01F99B00E0C896 /* main.m */ = {isa = PBXFileReference; lastKnownFileType = sourcecode.c.objc; path = main.m; sourceTree = "<group>"; };
		93C934D71B01F99B00E0C896 /* AppDelegate.h */ = {isa = PBXFileReference; lastKnownFileType = sourcecode.c.h; path = AppDelegate.h; sourceTree = "<group>"; };
		93C934D81B01F99B00E0C896 /* AppDelegate.m */ = {isa = PBXFileReference; lastKnownFileType = sourcecode.c.objc; path = AppDelegate.m; sourceTree = "<group>"; };
		93C934DA1B01F99B00E0C896 /* ViewController.h */ = {isa = PBXFileReference; lastKnownFileType = sourcecode.c.h; path = ViewController.h; sourceTree = "<group>"; };
		93C934DB1B01F99B00E0C896 /* ViewController.m */ = {isa = PBXFileReference; lastKnownFileType = sourcecode.c.objc; path = ViewController.m; sourceTree = "<group>"; };
		93C934DE1B01F99B00E0C896 /* Base */ = {isa = PBXFileReference; lastKnownFileType = file.storyboard; name = Base; path = Base.lproj/Main.storyboard; sourceTree = "<group>"; };
		93C934E01B01F99B00E0C896 /* Images.xcassets */ = {isa = PBXFileReference; lastKnownFileType = folder.assetcatalog; path = Images.xcassets; sourceTree = "<group>"; };
		93C934E31B01F99B00E0C896 /* Base */ = {isa = PBXFileReference; lastKnownFileType = file.xib; name = Base; path = Base.lproj/LaunchScreen.xib; sourceTree = "<group>"; };
		93C934EE1B01F99B00E0C896 /* Info.plist */ = {isa = PBXFileReference; lastKnownFileType = text.plist.xml; path = Info.plist; sourceTree = "<group>"; };
		93C934EF1B01F99B00E0C896 /* MultiFilesTests.m */ = {isa = PBXFileReference; lastKnownFileType = sourcecode.c.objc; path = MultiFilesTests.m; sourceTree = "<group>"; };
		93CD890D1B09D9AC00E5B085 /* FBSDKCoreKit.framework */ = {isa = PBXFileReference; lastKnownFileType = wrapper.framework; name = FBSDKCoreKit.framework; path = ../FacebookSDK/FBSDKCoreKit.framework; sourceTree = "<group>"; };
		93CD890E1B09D9AC00E5B085 /* FBSDKLoginKit.framework */ = {isa = PBXFileReference; lastKnownFileType = wrapper.framework; name = FBSDKLoginKit.framework; path = ../FacebookSDK/FBSDKLoginKit.framework; sourceTree = "<group>"; };
		93CD890F1B09D9AC00E5B085 /* FBSDKShareKit.framework */ = {isa = PBXFileReference; lastKnownFileType = wrapper.framework; name = FBSDKShareKit.framework; path = ../FacebookSDK/FBSDKShareKit.framework; sourceTree = "<group>"; };
		93D9ECD91B06001500E6F5B3 /* QuartzCore.framework */ = {isa = PBXFileReference; lastKnownFileType = wrapper.framework; name = QuartzCore.framework; path = System/Library/Frameworks/QuartzCore.framework; sourceTree = SDKROOT; };
		A3ED6D64014278DE142A5084 /* Pods-MultiFiles.release.xcconfig */ = {isa = PBXFileReference; includeInIndex = 1; lastKnownFileType = text.xcconfig; name = "Pods-MultiFiles.release.xcconfig"; path = "Pods/Target Support Files/Pods-MultiFiles/Pods-MultiFiles.release.xcconfig"; sourceTree = "<group>"; };
		D6E4BF28A02A6801BE1E11AF /* Pods_MultiFilesExtension.framework */ = {isa = PBXFileReference; explicitFileType = wrapper.framework; includeInIndex = 0; path = Pods_MultiFilesExtension.framework; sourceTree = BUILT_PRODUCTS_DIR; };
/* End PBXFileReference section */

/* Begin PBXFrameworksBuildPhase section */
		933E7D7B1B1CA2B100BBF225 /* Frameworks */ = {
			isa = PBXFrameworksBuildPhase;
			buildActionMask = 2147483647;
			files = (
				F48A2C0B1B4260C44BA1D183 /* Pods_MultiFilesExtension.framework in Frameworks */,
			);
			runOnlyForDeploymentPostprocessing = 0;
		};
		93C934CD1B01F99B00E0C896 /* Frameworks */ = {
			isa = PBXFrameworksBuildPhase;
			buildActionMask = 2147483647;
			files = (
				93CD89121B09D9AC00E5B085 /* FBSDKShareKit.framework in Frameworks */,
				93D9ECDA1B06001500E6F5B3 /* QuartzCore.framework in Frameworks */,
				93CD89101B09D9AC00E5B085 /* FBSDKCoreKit.framework in Frameworks */,
				93CD89111B09D9AC00E5B085 /* FBSDKLoginKit.framework in Frameworks */,
				82BA016E547F0F4FC2DEE610 /* Pods_MultiFiles.framework in Frameworks */,
			);
			runOnlyForDeploymentPostprocessing = 0;
		};
/* End PBXFrameworksBuildPhase section */

/* Begin PBXGroup section */
		931FCAB61CFC7A65007BC3FD /* Swift */ = {
			isa = PBXGroup;
			children = (
				937292421CF984C100FCBCD5 /* Multifiles.swift */,
			);
			name = Swift;
			sourceTree = "<group>";
		};
		933E7D7F1B1CA2B100BBF225 /* MultiFilesExtension */ = {
			isa = PBXGroup;
			children = (
				9391DBFC1CFC365100C79FEC /* Storyboard */,
				9391DBFB1CFC364600C79FEC /* View */,
				93AA7A911CF998B40017BDB4 /* Class */,
				933E7D8F1B1CAB7100BBF225 /* MultiFilesExtension.entitlements */,
				933E7D801B1CA2B100BBF225 /* Supporting Files */,
			);
			path = MultiFilesExtension;
			sourceTree = "<group>";
		};
		933E7D801B1CA2B100BBF225 /* Supporting Files */ = {
			isa = PBXGroup;
			children = (
				93AA7A921CF998D40017BDB4 /* MultiFilesExtension-Bridging-Header.h */,
				933E7D811B1CA2B100BBF225 /* Info.plist */,
			);
			name = "Supporting Files";
			sourceTree = "<group>";
		};
		937292401CF9849400FCBCD5 /* Class */ = {
			isa = PBXGroup;
			children = (
				931FCAB61CFC7A65007BC3FD /* Swift */,
				93B242F61B30669300067D2E /* StarRatingView.h */,
				93B242F71B30669300067D2E /* StarRatingView.m */,
			);
			name = Class;
			sourceTree = "<group>";
		};
		937C19281D01AF2D004AB4C5 /* Model */ = {
			isa = PBXGroup;
			children = (
				937C19291D01AF43004AB4C5 /* CloudFile.h */,
				937C192A1D01AF43004AB4C5 /* CloudFile.m */,
			);
			name = Model;
			sourceTree = "<group>";
		};
		9391DBF91CFC360900C79FEC /* Storyboard */ = {
			isa = PBXGroup;
			children = (
				93C934E21B01F99B00E0C896 /* LaunchScreen.xib */,
				930161671B1F04D1006BC91D /* MainiPad.storyboard */,
				93C934DD1B01F99B00E0C896 /* Main.storyboard */,
			);
			name = Storyboard;
			sourceTree = "<group>";
		};
		9391DBFA1CFC362E00C79FEC /* View */ = {
			isa = PBXGroup;
			children = (
				93C934DA1B01F99B00E0C896 /* ViewController.h */,
				93C934DB1B01F99B00E0C896 /* ViewController.m */,
			);
			name = View;
			sourceTree = "<group>";
		};
		9391DBFB1CFC364600C79FEC /* View */ = {
			isa = PBXGroup;
			children = (
				933E7D821B1CA2B100BBF225 /* ShareViewController.h */,
				933E7D831B1CA2B100BBF225 /* ShareViewController.m */,
			);
			name = View;
			sourceTree = "<group>";
		};
		9391DBFC1CFC365100C79FEC /* Storyboard */ = {
			isa = PBXGroup;
			children = (
				933E7D851B1CA2B100BBF225 /* MainInterface.storyboard */,
			);
			name = Storyboard;
			sourceTree = "<group>";
		};
		9391DBFD1CFC366B00C79FEC /* Frameworks */ = {
			isa = PBXGroup;
			children = (
				93CD890D1B09D9AC00E5B085 /* FBSDKCoreKit.framework */,
				93CD890E1B09D9AC00E5B085 /* FBSDKLoginKit.framework */,
				93CD890F1B09D9AC00E5B085 /* FBSDKShareKit.framework */,
				93D9ECD91B06001500E6F5B3 /* QuartzCore.framework */,
			);
			name = Frameworks;
			sourceTree = "<group>";
		};
		93AA7A911CF998B40017BDB4 /* Class */ = {
			isa = PBXGroup;
			children = (
				93AA7A931CF998D40017BDB4 /* Multifiles.swift */,
			);
			name = Class;
			sourceTree = "<group>";
		};
		93C934C71B01F99B00E0C896 = {
			isa = PBXGroup;
			children = (
				9391DBFD1CFC366B00C79FEC /* Frameworks */,
				93C934D21B01F99B00E0C896 /* MultiFiles */,
				93C934EC1B01F99B00E0C896 /* MultiFilesTests */,
				933E7D7F1B1CA2B100BBF225 /* MultiFilesExtension */,
				93C934D11B01F99B00E0C896 /* Products */,
				CCC6F958B8B33B1DB0281583 /* Pods */,
				E941D0E451F0E2A9794F71E5 /* Frameworks */,
			);
			sourceTree = "<group>";
		};
		93C934D11B01F99B00E0C896 /* Products */ = {
			isa = PBXGroup;
			children = (
				93C934D01B01F99B00E0C896 /* MultiFiles.app */,
				933E7D7E1B1CA2B100BBF225 /* MultiFilesExtension.appex */,
			);
			name = Products;
			sourceTree = "<group>";
		};
		93C934D21B01F99B00E0C896 /* MultiFiles */ = {
			isa = PBXGroup;
			children = (
				937C19281D01AF2D004AB4C5 /* Model */,
				9391DBFA1CFC362E00C79FEC /* View */,
				9391DBF91CFC360900C79FEC /* Storyboard */,
				937292401CF9849400FCBCD5 /* Class */,
				933E7D8E1B1CA89600BBF225 /* MultiFiles.entitlements */,
				93D9ECD21B05FCE600E6F5B3 /* Img */,
				93C934D71B01F99B00E0C896 /* AppDelegate.h */,
				93C934D81B01F99B00E0C896 /* AppDelegate.m */,
				93C934E01B01F99B00E0C896 /* Images.xcassets */,
				93C934D31B01F99B00E0C896 /* Supporting Files */,
			);
			path = MultiFiles;
			sourceTree = "<group>";
		};
		93C934D31B01F99B00E0C896 /* Supporting Files */ = {
			isa = PBXGroup;
			children = (
				937292411CF984C000FCBCD5 /* MultiFiles-Bridging-Header.h */,
				93C934D41B01F99B00E0C896 /* Info.plist */,
				93C934D51B01F99B00E0C896 /* main.m */,
			);
			name = "Supporting Files";
			sourceTree = "<group>";
		};
		93C934EC1B01F99B00E0C896 /* MultiFilesTests */ = {
			isa = PBXGroup;
			children = (
				93C934EF1B01F99B00E0C896 /* MultiFilesTests.m */,
				93C934ED1B01F99B00E0C896 /* Supporting Files */,
			);
			path = MultiFilesTests;
			sourceTree = "<group>";
		};
		93C934ED1B01F99B00E0C896 /* Supporting Files */ = {
			isa = PBXGroup;
			children = (
				93C934EE1B01F99B00E0C896 /* Info.plist */,
			);
			name = "Supporting Files";
			sourceTree = "<group>";
		};
		93D9ECD21B05FCE600E6F5B3 /* Img */ = {
			isa = PBXGroup;
			children = (
				9370E5861B1F0B330097D1D6 /* files.png */,
				93C118BD1B2B1B9C007D6755 /* half_selected_star.png */,
				93C118BE1B2B1B9C007D6755 /* not_selected_star.png */,
				93C118BF1B2B1B9C007D6755 /* selected_star.png */,
				9370E5871B1F0B330097D1D6 /* images.png */,
				930161611B1F0492006BC91D /* bg.jpg */,
				930161621B1F0492006BC91D /* cloud.png */,
			);
			name = Img;
			sourceTree = "<group>";
		};
		CCC6F958B8B33B1DB0281583 /* Pods */ = {
			isa = PBXGroup;
			children = (
				1562F1E9A2CA2DD249748125 /* Pods-MultiFiles.debug.xcconfig */,
				A3ED6D64014278DE142A5084 /* Pods-MultiFiles.release.xcconfig */,
				55569E7999FF198E05607BBA /* Pods-MultiFilesExtension.debug.xcconfig */,
				8FBB2BFBEF49E3C28A7B4E48 /* Pods-MultiFilesExtension.release.xcconfig */,
			);
			name = Pods;
			sourceTree = "<group>";
		};
		E941D0E451F0E2A9794F71E5 /* Frameworks */ = {
			isa = PBXGroup;
			children = (
				264F4E97C2853979E293DE78 /* Pods_MultiFiles.framework */,
				D6E4BF28A02A6801BE1E11AF /* Pods_MultiFilesExtension.framework */,
			);
			name = Frameworks;
			sourceTree = "<group>";
		};
/* End PBXGroup section */

/* Begin PBXNativeTarget section */
		933E7D7D1B1CA2B100BBF225 /* MultiFilesExtension */ = {
			isa = PBXNativeTarget;
			buildConfigurationList = 933E7D8C1B1CA2B100BBF225 /* Build configuration list for PBXNativeTarget "MultiFilesExtension" */;
			buildPhases = (
				641809B9D9B74F76ED5B2EE7 /* Check Pods Manifest.lock */,
				933E7D7A1B1CA2B100BBF225 /* Sources */,
				933E7D7B1B1CA2B100BBF225 /* Frameworks */,
				933E7D7C1B1CA2B100BBF225 /* Resources */,
				DE50BAD76EFD396EDF104CAA /* Embed Pods Frameworks */,
				9443931E9FFFF7A970D61AC1 /* Copy Pods Resources */,
			);
			buildRules = (
			);
			dependencies = (
			);
			name = MultiFilesExtension;
			productName = MultiFilesExtension;
			productReference = 933E7D7E1B1CA2B100BBF225 /* MultiFilesExtension.appex */;
			productType = "com.apple.product-type.app-extension";
		};
		93C934CF1B01F99B00E0C896 /* MultiFiles */ = {
			isa = PBXNativeTarget;
			buildConfigurationList = 93C934F31B01F99B00E0C896 /* Build configuration list for PBXNativeTarget "MultiFiles" */;
			buildPhases = (
				96F1D267E689B3F7C2F7D422 /* Check Pods Manifest.lock */,
				93C934CC1B01F99B00E0C896 /* Sources */,
				93C934CD1B01F99B00E0C896 /* Frameworks */,
				93C934CE1B01F99B00E0C896 /* Resources */,
				933E7D8D1B1CA2B100BBF225 /* Embed App Extensions */,
				206428F5037D01179241FE9B /* Embed Pods Frameworks */,
				F0B74E4FECE98CEBBE577196 /* Copy Pods Resources */,
			);
			buildRules = (
			);
			dependencies = (
				933E7D881B1CA2B100BBF225 /* PBXTargetDependency */,
			);
			name = MultiFiles;
			productName = MultiFiles;
			productReference = 93C934D01B01F99B00E0C896 /* MultiFiles.app */;
			productType = "com.apple.product-type.application";
		};
/* End PBXNativeTarget section */

/* Begin PBXProject section */
		93C934C81B01F99B00E0C896 /* Project object */ = {
			isa = PBXProject;
			attributes = {
				LastSwiftUpdateCheck = 0730;
				LastUpgradeCheck = 0630;
				ORGANIZATIONNAME = "Riccardo Rizzo";
				TargetAttributes = {
					933E7D7D1B1CA2B100BBF225 = {
						CreatedOnToolsVersion = 6.3.2;
						DevelopmentTeam = RKD82WWETR;
						SystemCapabilities = {
							com.apple.ApplicationGroups.iOS = {
								enabled = 1;
							};
						};
					};
					93C934CF1B01F99B00E0C896 = {
						CreatedOnToolsVersion = 6.3;
						DevelopmentTeam = RKD82WWETR;
						SystemCapabilities = {
							com.apple.ApplicationGroups.iOS = {
								enabled = 1;
							};
						};
					};
				};
			};
			buildConfigurationList = 93C934CB1B01F99B00E0C896 /* Build configuration list for PBXProject "MultiFiles" */;
			compatibilityVersion = "Xcode 3.2";
			developmentRegion = English;
			hasScannedForEncodings = 0;
			knownRegions = (
				en,
				Base,
			);
			mainGroup = 93C934C71B01F99B00E0C896;
			productRefGroup = 93C934D11B01F99B00E0C896 /* Products */;
			projectDirPath = "";
			projectRoot = "";
			targets = (
				93C934CF1B01F99B00E0C896 /* MultiFiles */,
				933E7D7D1B1CA2B100BBF225 /* MultiFilesExtension */,
			);
		};
/* End PBXProject section */

/* Begin PBXResourcesBuildPhase section */
		933E7D7C1B1CA2B100BBF225 /* Resources */ = {
			isa = PBXResourcesBuildPhase;
			buildActionMask = 2147483647;
			files = (
				933E7D861B1CA2B100BBF225 /* MainInterface.storyboard in Resources */,
			);
			runOnlyForDeploymentPostprocessing = 0;
		};
		93C934CE1B01F99B00E0C896 /* Resources */ = {
			isa = PBXResourcesBuildPhase;
			buildActionMask = 2147483647;
			files = (
				93C118C11B2B1B9C007D6755 /* not_selected_star.png in Resources */,
				93C118C21B2B1B9C007D6755 /* selected_star.png in Resources */,
				930161631B1F0492006BC91D /* bg.jpg in Resources */,
				93C934DF1B01F99B00E0C896 /* Main.storyboard in Resources */,
				93C118C01B2B1B9C007D6755 /* half_selected_star.png in Resources */,
				93C934E41B01F99B00E0C896 /* LaunchScreen.xib in Resources */,
				9370E5891B1F0B330097D1D6 /* images.png in Resources */,
				9370E5881B1F0B330097D1D6 /* files.png in Resources */,
				930161641B1F0492006BC91D /* cloud.png in Resources */,
				930161691B1F04D1006BC91D /* MainiPad.storyboard in Resources */,
				93C934E11B01F99B00E0C896 /* Images.xcassets in Resources */,
			);
			runOnlyForDeploymentPostprocessing = 0;
		};
/* End PBXResourcesBuildPhase section */

/* Begin PBXShellScriptBuildPhase section */
		206428F5037D01179241FE9B /* Embed Pods Frameworks */ = {
			isa = PBXShellScriptBuildPhase;
			buildActionMask = 2147483647;
			files = (
			);
			inputPaths = (
			);
			name = "Embed Pods Frameworks";
			outputPaths = (
			);
			runOnlyForDeploymentPostprocessing = 0;
			shellPath = /bin/sh;
			shellScript = "\"${SRCROOT}/Pods/Target Support Files/Pods-MultiFiles/Pods-MultiFiles-frameworks.sh\"\n";
			showEnvVarsInLog = 0;
		};
		641809B9D9B74F76ED5B2EE7 /* Check Pods Manifest.lock */ = {
			isa = PBXShellScriptBuildPhase;
			buildActionMask = 2147483647;
			files = (
			);
			inputPaths = (
			);
			name = "Check Pods Manifest.lock";
			outputPaths = (
			);
			runOnlyForDeploymentPostprocessing = 0;
			shellPath = /bin/sh;
			shellScript = "diff \"${PODS_ROOT}/../Podfile.lock\" \"${PODS_ROOT}/Manifest.lock\" > /dev/null\nif [[ $? != 0 ]] ; then\n    cat << EOM\nerror: The sandbox is not in sync with the Podfile.lock. Run 'pod install' or update your CocoaPods installation.\nEOM\n    exit 1\nfi\n";
			showEnvVarsInLog = 0;
		};
		9443931E9FFFF7A970D61AC1 /* Copy Pods Resources */ = {
			isa = PBXShellScriptBuildPhase;
			buildActionMask = 2147483647;
			files = (
			);
			inputPaths = (
			);
			name = "Copy Pods Resources";
			outputPaths = (
			);
			runOnlyForDeploymentPostprocessing = 0;
			shellPath = /bin/sh;
			shellScript = "\"${SRCROOT}/Pods/Target Support Files/Pods-MultiFilesExtension/Pods-MultiFilesExtension-resources.sh\"\n";
			showEnvVarsInLog = 0;
		};
		96F1D267E689B3F7C2F7D422 /* Check Pods Manifest.lock */ = {
			isa = PBXShellScriptBuildPhase;
			buildActionMask = 2147483647;
			files = (
			);
			inputPaths = (
			);
			name = "Check Pods Manifest.lock";
			outputPaths = (
			);
			runOnlyForDeploymentPostprocessing = 0;
			shellPath = /bin/sh;
			shellScript = "diff \"${PODS_ROOT}/../Podfile.lock\" \"${PODS_ROOT}/Manifest.lock\" > /dev/null\nif [[ $? != 0 ]] ; then\n    cat << EOM\nerror: The sandbox is not in sync with the Podfile.lock. Run 'pod install' or update your CocoaPods installation.\nEOM\n    exit 1\nfi\n";
			showEnvVarsInLog = 0;
		};
		DE50BAD76EFD396EDF104CAA /* Embed Pods Frameworks */ = {
			isa = PBXShellScriptBuildPhase;
			buildActionMask = 2147483647;
			files = (
			);
			inputPaths = (
			);
			name = "Embed Pods Frameworks";
			outputPaths = (
			);
			runOnlyForDeploymentPostprocessing = 0;
			shellPath = /bin/sh;
			shellScript = "\"${SRCROOT}/Pods/Target Support Files/Pods-MultiFilesExtension/Pods-MultiFilesExtension-frameworks.sh\"\n";
			showEnvVarsInLog = 0;
		};
		F0B74E4FECE98CEBBE577196 /* Copy Pods Resources */ = {
			isa = PBXShellScriptBuildPhase;
			buildActionMask = 2147483647;
			files = (
			);
			inputPaths = (
			);
			name = "Copy Pods Resources";
			outputPaths = (
			);
			runOnlyForDeploymentPostprocessing = 0;
			shellPath = /bin/sh;
			shellScript = "\"${SRCROOT}/Pods/Target Support Files/Pods-MultiFiles/Pods-MultiFiles-resources.sh\"\n";
			showEnvVarsInLog = 0;
		};
/* End PBXShellScriptBuildPhase section */

/* Begin PBXSourcesBuildPhase section */
		933E7D7A1B1CA2B100BBF225 /* Sources */ = {
			isa = PBXSourcesBuildPhase;
			buildActionMask = 2147483647;
			files = (
				933E7D841B1CA2B100BBF225 /* ShareViewController.m in Sources */,
				93AA7A941CF998D40017BDB4 /* Multifiles.swift in Sources */,
			);
			runOnlyForDeploymentPostprocessing = 0;
		};
		93C934CC1B01F99B00E0C896 /* Sources */ = {
			isa = PBXSourcesBuildPhase;
			buildActionMask = 2147483647;
			files = (
				93C934DC1B01F99B00E0C896 /* ViewController.m in Sources */,
				937C192B1D01AF43004AB4C5 /* CloudFile.m in Sources */,
				93B242F81B30669300067D2E /* StarRatingView.m in Sources */,
				937292431CF984C100FCBCD5 /* Multifiles.swift in Sources */,
				93C934D91B01F99B00E0C896 /* AppDelegate.m in Sources */,
				93C934D61B01F99B00E0C896 /* main.m in Sources */,
			);
			runOnlyForDeploymentPostprocessing = 0;
		};
/* End PBXSourcesBuildPhase section */

/* Begin PBXTargetDependency section */
		933E7D881B1CA2B100BBF225 /* PBXTargetDependency */ = {
			isa = PBXTargetDependency;
			target = 933E7D7D1B1CA2B100BBF225 /* MultiFilesExtension */;
			targetProxy = 933E7D871B1CA2B100BBF225 /* PBXContainerItemProxy */;
		};
/* End PBXTargetDependency section */

/* Begin PBXVariantGroup section */
		930161671B1F04D1006BC91D /* MainiPad.storyboard */ = {
			isa = PBXVariantGroup;
			children = (
				930161681B1F04D1006BC91D /* Base */,
			);
			name = MainiPad.storyboard;
			sourceTree = "<group>";
		};
		93C934DD1B01F99B00E0C896 /* Main.storyboard */ = {
			isa = PBXVariantGroup;
			children = (
				93C934DE1B01F99B00E0C896 /* Base */,
			);
			name = Main.storyboard;
			sourceTree = "<group>";
		};
		93C934E21B01F99B00E0C896 /* LaunchScreen.xib */ = {
			isa = PBXVariantGroup;
			children = (
				93C934E31B01F99B00E0C896 /* Base */,
			);
			name = LaunchScreen.xib;
			sourceTree = "<group>";
		};
/* End PBXVariantGroup section */

/* Begin XCBuildConfiguration section */
		933E7D8A1B1CA2B100BBF225 /* Debug */ = {
			isa = XCBuildConfiguration;
			baseConfigurationReference = 55569E7999FF198E05607BBA /* Pods-MultiFilesExtension.debug.xcconfig */;
			buildSettings = {
				CLANG_ENABLE_MODULES = YES;
				CODE_SIGN_ENTITLEMENTS = MultiFilesExtension/MultiFilesExtension.entitlements;
				CODE_SIGN_IDENTITY = "iPhone Developer";
				"CODE_SIGN_IDENTITY[sdk=iphoneos*]" = "iPhone Developer";
				ENABLE_BITCODE = YES;
				GCC_PREPROCESSOR_DEFINITIONS = (
					"DEBUG=1",
					"$(inherited)",
				);
				INFOPLIST_FILE = MultiFilesExtension/Info.plist;
				IPHONEOS_DEPLOYMENT_TARGET = 9.0;
				LD_RUNPATH_SEARCH_PATHS = "$(inherited) @executable_path/Frameworks @executable_path/../../Frameworks";
				PRODUCT_BUNDLE_IDENTIFIER = com.riccardorizzo.files.multifiles.extension;
				PRODUCT_NAME = "$(TARGET_NAME)";
				PROVISIONING_PROFILE = "";
				SKIP_INSTALL = YES;
				SWIFT_OBJC_BRIDGING_HEADER = "MultiFilesExtension/MultiFilesExtension-Bridging-Header.h";
				SWIFT_OPTIMIZATION_LEVEL = "-Onone";
			};
			name = Debug;
		};
		933E7D8B1B1CA2B100BBF225 /* Release */ = {
			isa = XCBuildConfiguration;
			baseConfigurationReference = 8FBB2BFBEF49E3C28A7B4E48 /* Pods-MultiFilesExtension.release.xcconfig */;
			buildSettings = {
				CLANG_ENABLE_MODULES = YES;
				CODE_SIGN_ENTITLEMENTS = MultiFilesExtension/MultiFilesExtension.entitlements;
				CODE_SIGN_IDENTITY = "iPhone Developer";
				"CODE_SIGN_IDENTITY[sdk=iphoneos*]" = "iPhone Developer";
				ENABLE_BITCODE = YES;
				INFOPLIST_FILE = MultiFilesExtension/Info.plist;
				IPHONEOS_DEPLOYMENT_TARGET = 9.0;
				LD_RUNPATH_SEARCH_PATHS = "$(inherited) @executable_path/Frameworks @executable_path/../../Frameworks";
				PRODUCT_BUNDLE_IDENTIFIER = com.riccardorizzo.files.multifiles.extension;
				PRODUCT_NAME = "$(TARGET_NAME)";
				PROVISIONING_PROFILE = "";
				SKIP_INSTALL = YES;
				SWIFT_OBJC_BRIDGING_HEADER = "MultiFilesExtension/MultiFilesExtension-Bridging-Header.h";
			};
			name = Release;
		};
		93C934F11B01F99B00E0C896 /* Debug */ = {
			isa = XCBuildConfiguration;
			buildSettings = {
				ALWAYS_SEARCH_USER_PATHS = NO;
				CLANG_CXX_LANGUAGE_STANDARD = "gnu++0x";
				CLANG_CXX_LIBRARY = "libc++";
				CLANG_ENABLE_MODULES = YES;
				CLANG_ENABLE_OBJC_ARC = YES;
				CLANG_WARN_BOOL_CONVERSION = YES;
				CLANG_WARN_CONSTANT_CONVERSION = YES;
				CLANG_WARN_DIRECT_OBJC_ISA_USAGE = YES_ERROR;
				CLANG_WARN_EMPTY_BODY = YES;
				CLANG_WARN_ENUM_CONVERSION = YES;
				CLANG_WARN_INT_CONVERSION = YES;
				CLANG_WARN_OBJC_ROOT_CLASS = YES_ERROR;
				CLANG_WARN_UNREACHABLE_CODE = YES;
				CLANG_WARN__DUPLICATE_METHOD_MATCH = YES;
				"CODE_SIGN_IDENTITY[sdk=iphoneos*]" = "iPhone Developer";
				COPY_PHASE_STRIP = NO;
				DEBUG_INFORMATION_FORMAT = "dwarf-with-dsym";
				ENABLE_STRICT_OBJC_MSGSEND = YES;
				GCC_C_LANGUAGE_STANDARD = gnu99;
				GCC_DYNAMIC_NO_PIC = NO;
				GCC_NO_COMMON_BLOCKS = YES;
				GCC_OPTIMIZATION_LEVEL = 0;
				GCC_PREPROCESSOR_DEFINITIONS = (
					"DEBUG=1",
					"$(inherited)",
				);
				GCC_SYMBOLS_PRIVATE_EXTERN = NO;
				GCC_WARN_64_TO_32_BIT_CONVERSION = YES;
				GCC_WARN_ABOUT_RETURN_TYPE = YES_ERROR;
				GCC_WARN_UNDECLARED_SELECTOR = YES;
				GCC_WARN_UNINITIALIZED_AUTOS = YES_AGGRESSIVE;
				GCC_WARN_UNUSED_FUNCTION = YES;
				GCC_WARN_UNUSED_VARIABLE = YES;
				IPHONEOS_DEPLOYMENT_TARGET = 8.3;
				MTL_ENABLE_DEBUG_INFO = YES;
				ONLY_ACTIVE_ARCH = YES;
				SDKROOT = iphoneos;
				TARGETED_DEVICE_FAMILY = "1,2";
			};
			name = Debug;
		};
		93C934F21B01F99B00E0C896 /* Release */ = {
			isa = XCBuildConfiguration;
			buildSettings = {
				ALWAYS_SEARCH_USER_PATHS = NO;
				CLANG_CXX_LANGUAGE_STANDARD = "gnu++0x";
				CLANG_CXX_LIBRARY = "libc++";
				CLANG_ENABLE_MODULES = YES;
				CLANG_ENABLE_OBJC_ARC = YES;
				CLANG_WARN_BOOL_CONVERSION = YES;
				CLANG_WARN_CONSTANT_CONVERSION = YES;
				CLANG_WARN_DIRECT_OBJC_ISA_USAGE = YES_ERROR;
				CLANG_WARN_EMPTY_BODY = YES;
				CLANG_WARN_ENUM_CONVERSION = YES;
				CLANG_WARN_INT_CONVERSION = YES;
				CLANG_WARN_OBJC_ROOT_CLASS = YES_ERROR;
				CLANG_WARN_UNREACHABLE_CODE = YES;
				CLANG_WARN__DUPLICATE_METHOD_MATCH = YES;
				"CODE_SIGN_IDENTITY[sdk=iphoneos*]" = "iPhone Developer";
				COPY_PHASE_STRIP = NO;
				DEBUG_INFORMATION_FORMAT = "dwarf-with-dsym";
				ENABLE_NS_ASSERTIONS = NO;
				ENABLE_STRICT_OBJC_MSGSEND = YES;
				GCC_C_LANGUAGE_STANDARD = gnu99;
				GCC_NO_COMMON_BLOCKS = YES;
				GCC_WARN_64_TO_32_BIT_CONVERSION = YES;
				GCC_WARN_ABOUT_RETURN_TYPE = YES_ERROR;
				GCC_WARN_UNDECLARED_SELECTOR = YES;
				GCC_WARN_UNINITIALIZED_AUTOS = YES_AGGRESSIVE;
				GCC_WARN_UNUSED_FUNCTION = YES;
				GCC_WARN_UNUSED_VARIABLE = YES;
				IPHONEOS_DEPLOYMENT_TARGET = 8.3;
				MTL_ENABLE_DEBUG_INFO = NO;
				SDKROOT = iphoneos;
				TARGETED_DEVICE_FAMILY = "1,2";
				VALIDATE_PRODUCT = YES;
			};
			name = Release;
		};
		93C934F41B01F99B00E0C896 /* Debug */ = {
			isa = XCBuildConfiguration;
			baseConfigurationReference = 1562F1E9A2CA2DD249748125 /* Pods-MultiFiles.debug.xcconfig */;
			buildSettings = {
				ASSETCATALOG_COMPILER_APPICON_NAME = AppIcon;
				CLANG_ENABLE_MODULES = YES;
				CODE_SIGN_ENTITLEMENTS = MultiFiles/MultiFiles.entitlements;
				CODE_SIGN_IDENTITY = "iPhone Developer";
				"CODE_SIGN_IDENTITY[sdk=iphoneos*]" = "iPhone Developer";
				EMBEDDED_CONTENT_CONTAINS_SWIFT = YES;
				ENABLE_BITCODE = NO;
				FRAMEWORK_SEARCH_PATHS = (
					"$(inherited)",
					/Users/RiccardoRizzo/Documents/FacebookSDK,
				);
				INFOPLIST_FILE = MultiFiles/Info.plist;
				IPHONEOS_DEPLOYMENT_TARGET = 9.0;
				LD_RUNPATH_SEARCH_PATHS = "$(inherited) @executable_path/Frameworks";
				PRODUCT_BUNDLE_IDENTIFIER = com.riccardorizzo.files.multifiles;
				PRODUCT_NAME = "$(TARGET_NAME)";
				PROVISIONING_PROFILE = "";
				SWIFT_OBJC_BRIDGING_HEADER = "MultiFiles/MultiFiles-Bridging-Header.h";
				SWIFT_OPTIMIZATION_LEVEL = "-Onone";
				TARGETED_DEVICE_FAMILY = "1,2";
			};
			name = Debug;
		};
		93C934F51B01F99B00E0C896 /* Release */ = {
			isa = XCBuildConfiguration;
			baseConfigurationReference = A3ED6D64014278DE142A5084 /* Pods-MultiFiles.release.xcconfig */;
			buildSettings = {
				ASSETCATALOG_COMPILER_APPICON_NAME = AppIcon;
				CLANG_ENABLE_MODULES = YES;
				CODE_SIGN_ENTITLEMENTS = MultiFiles/MultiFiles.entitlements;
				CODE_SIGN_IDENTITY = "iPhone Developer";
				"CODE_SIGN_IDENTITY[sdk=iphoneos*]" = "iPhone Developer";
				EMBEDDED_CONTENT_CONTAINS_SWIFT = YES;
				ENABLE_BITCODE = NO;
				FRAMEWORK_SEARCH_PATHS = (
					"$(inherited)",
					/Users/RiccardoRizzo/Documents/FacebookSDK,
				);
				INFOPLIST_FILE = MultiFiles/Info.plist;
				IPHONEOS_DEPLOYMENT_TARGET = 9.0;
				LD_RUNPATH_SEARCH_PATHS = "$(inherited) @executable_path/Frameworks";
				PRODUCT_BUNDLE_IDENTIFIER = com.riccardorizzo.files.multifiles;
				PRODUCT_NAME = "$(TARGET_NAME)";
				PROVISIONING_PROFILE = "";
				SWIFT_OBJC_BRIDGING_HEADER = "MultiFiles/MultiFiles-Bridging-Header.h";
				TARGETED_DEVICE_FAMILY = "1,2";
			};
			name = Release;
		};
/* End XCBuildConfiguration section */

/* Begin XCConfigurationList section */
		933E7D8C1B1CA2B100BBF225 /* Build configuration list for PBXNativeTarget "MultiFilesExtension" */ = {
			isa = XCConfigurationList;
			buildConfigurations = (
				933E7D8A1B1CA2B100BBF225 /* Debug */,
				933E7D8B1B1CA2B100BBF225 /* Release */,
			);
			defaultConfigurationIsVisible = 0;
			defaultConfigurationName = Release;
		};
		93C934CB1B01F99B00E0C896 /* Build configuration list for PBXProject "MultiFiles" */ = {
			isa = XCConfigurationList;
			buildConfigurations = (
				93C934F11B01F99B00E0C896 /* Debug */,
				93C934F21B01F99B00E0C896 /* Release */,
			);
			defaultConfigurationIsVisible = 0;
			defaultConfigurationName = Release;
		};
		93C934F31B01F99B00E0C896 /* Build configuration list for PBXNativeTarget "MultiFiles" */ = {
			isa = XCConfigurationList;
			buildConfigurations = (
				93C934F41B01F99B00E0C896 /* Debug */,
				93C934F51B01F99B00E0C896 /* Release */,
			);
			defaultConfigurationIsVisible = 0;
			defaultConfigurationName = Release;
		};
/* End XCConfigurationList section */
	};
	rootObject = 93C934C81B01F99B00E0C896 /* Project object */;
}
